
Microsoft Visual Studio Solution File, Format Version 12.00
# Visual Studio 15
VisualStudioVersion = 15.0.26430.16
MinimumVisualStudioVersion = 10.0.40219.1
Project("{FAE04EC0-301F-11D3-BF4B-00C04F79EFBC}") = "T1", "Viikko2\T1.csproj", "{70858207-7F9D-4F9A-87FC-B27FB388615F}"
EndProject
Project("{FAE04EC0-301F-11D3-BF4B-00C04F79EFBC}") = "T2", "T2\T2.csproj", "{A618B40A-C782-47C4-8E21-B1FD22EDAB09}"
EndProject
Project("{FAE04EC0-301F-11D3-BF4B-00C04F79EFBC}") = "T3", "T3\T3.csproj", "{893BB2DB-4EFD-455E-A355-271EFE7E9589}"
EndProject
Global
	GlobalSection(SolutionConfigurationPlatforms) = preSolution
		Debug|Any CPU = Debug|Any CPU
		Release|Any CPU = Release|Any CPU
	EndGlobalSection
	GlobalSection(ProjectConfigurationPlatforms) = postSolution
		{70858207-7F9D-4F9A-87FC-B27FB388615F}.Debug|Any CPU.ActiveCfg = Debug|Any CPU
		{70858207-7F9D-4F9A-87FC-B27FB388615F}.Debug|Any CPU.Build.0 = Debug|Any CPU
		{70858207-7F9D-4F9A-87FC-B27FB388615F}.Release|Any CPU.ActiveCfg = Release|Any CPU
		{70858207-7F9D-4F9A-87FC-B27FB388615F}.Release|Any CPU.Build.0 = Release|Any CPU
		{A618B40A-C782-47C4-8E21-B1FD22EDAB09}.Debug|Any CPU.ActiveCfg = Debug|Any CPU
		{A618B40A-C782-47C4-8E21-B1FD22EDAB09}.Debug|Any CPU.Build.0 = Debug|Any CPU
		{A618B40A-C782-47C4-8E21-B1FD22EDAB09}.Release|Any CPU.ActiveCfg = Release|Any CPU
		{A618B40A-C782-47C4-8E21-B1FD22EDAB09}.Release|Any CPU.Build.0 = Release|Any CPU
		{893BB2DB-4EFD-455E-A355-271EFE7E9589}.Debug|Any CPU.ActiveCfg = Debug|Any CPU
		{893BB2DB-4EFD-455E-A355-271EFE7E9589}.Debug|Any CPU.Build.0 = Debug|Any CPU
		{893BB2DB-4EFD-455E-A355-271EFE7E9589}.Release|Any CPU.ActiveCfg = Release|Any CPU
		{893BB2DB-4EFD-455E-A355-271EFE7E9589}.Release|Any CPU.Build.0 = Release|Any CPU
	EndGlobalSection
	GlobalSection(SolutionProperties) = preSolution
		HideSolutionNode = FALSE
	EndGlobalSection
EndGlobal
